
Microsoft Visual Studio Solution File, Format Version 12.00
# Visual Studio Version 17
VisualStudioVersion = 17.6.33815.320
MinimumVisualStudioVersion = 10.0.40219.1
Project("{FAE04EC0-301F-11D3-BF4B-00C04F79EFBC}") = "matrix", "matrix\matrix.csproj", "{D5D2B5A3-6B3E-496E-AE86-9DCD20FAD6D8}"
EndProject
Global
	GlobalSection(SolutionConfigurationPlatforms) = preSolution
		Debug|Any CPU = Debug|Any CPU
		Release|Any CPU = Release|Any CPU
	EndGlobalSection
	GlobalSection(ProjectConfigurationPlatforms) = postSolution
		{D5D2B5A3-6B3E-496E-AE86-9DCD20FAD6D8}.Debug|Any CPU.ActiveCfg = Debug|Any CPU
		{D5D2B5A3-6B3E-496E-AE86-9DCD20FAD6D8}.Debug|Any CPU.Build.0 = Debug|Any CPU
		{D5D2B5A3-6B3E-496E-AE86-9DCD20FAD6D8}.Release|Any CPU.ActiveCfg = Release|Any CPU
		{D5D2B5A3-6B3E-496E-AE86-9DCD20FAD6D8}.Release|Any CPU.Build.0 = Release|Any CPU
	EndGlobalSection
	GlobalSection(SolutionProperties) = preSolution
		HideSolutionNode = FALSE
	EndGlobalSection
	GlobalSection(ExtensibilityGlobals) = postSolution
		SolutionGuid = {7AA4A6B2-6D80-4D6D-B8B6-1A3E25B335B8}
	EndGlobalSection
EndGlobal
